// !$*UTF8*$!
{
	archiveVersion = 1;
	classes = {
	};
	objectVersion = 46;
	objects = {

/* Begin PBXBuildFile section */
		17CCA5451E75FDDB004C5E21 /* AppDelegate.swift in Sources */ = {isa = PBXBuildFile; fileRef = 17CCA5441E75FDDB004C5E21 /* AppDelegate.swift */; };
		17CCA5471E75FDDB004C5E21 /* ViewController.swift in Sources */ = {isa = PBXBuildFile; fileRef = 17CCA5461E75FDDB004C5E21 /* ViewController.swift */; };
		17CCA54A1E75FDDB004C5E21 /* Main.storyboard in Resources */ = {isa = PBXBuildFile; fileRef = 17CCA5481E75FDDB004C5E21 /* Main.storyboard */; };
		17CCA54C1E75FDDB004C5E21 /* Assets.xcassets in Resources */ = {isa = PBXBuildFile; fileRef = 17CCA54B1E75FDDB004C5E21 /* Assets.xcassets */; };
		17CCA54F1E75FDDB004C5E21 /* LaunchScreen.storyboard in Resources */ = {isa = PBXBuildFile; fileRef = 17CCA54D1E75FDDB004C5E21 /* LaunchScreen.storyboard */; };
/* End PBXBuildFile section */

/* Begin PBXFileReference section */
		17CCA5411E75FDDB004C5E21 /* HelloWorld.app */ = {isa = PBXFileReference; explicitFileType = wrapper.application; includeInIndex = 0; path = HelloWorld.app; sourceTree = BUILT_PRODUCTS_DIR; };
		17CCA5441E75FDDB004C5E21 /* AppDelegate.swift */ = {isa = PBXFileReference; lastKnownFileType = sourcecode.swift; path = AppDelegate.swift; sourceTree = "<group>"; };
		17CCA5461E75FDDB004C5E21 /* ViewController.swift */ = {isa = PBXFileReference; lastKnownFileType = sourcecode.swift; path = ViewController.swift; sourceTree = "<group>"; };
		17CCA5491E75FDDB004C5E21 /* Base */ = {isa = PBXFileReference; lastKnownFileType = file.storyboard; name = Base; path = Base.lproj/Main.storyboard; sourceTree = "<group>"; };
		17CCA54B1E75FDDB004C5E21 /* Assets.xcassets */ = {isa = PBXFileReference; lastKnownFileType = folder.assetcatalog; path = Assets.xcassets; sourceTree = "<group>"; };
		17CCA54E1E75FDDB004C5E21 /* Base */ = {isa = PBXFileReference; lastKnownFileType = file.storyboard; name = Base; path = Base.lproj/LaunchScreen.storyboard; sourceTree = "<group>"; };
		17CCA5501E75FDDB004C5E21 /* Info.plist */ = {isa = PBXFileReference; lastKnownFileType = text.plist.xml; path = Info.plist; sourceTree = "<group>"; };
/* End PBXFileReference section */

/* Begin PBXFrameworksBuildPhase section */
		17CCA53E1E75FDDA004C5E21 /* Frameworks */ = {
			isa = PBXFrameworksBuildPhase;
			buildActionMask = 2147483647;
			files = (
			);
			runOnlyForDeploymentPostprocessing = 0;
		};
/* End PBXFrameworksBuildPhase section */

/* Begin PBXGroup section */
		17CCA5381E75FDDA004C5E21 = {
			isa = PBXGroup;
			children = (
				17CCA5431E75FDDB004C5E21 /* HelloWorld */,
				17CCA5421E75FDDB004C5E21 /* Products */,
			);
			sourceTree = "<group>";
		};
		17CCA5421E75FDDB004C5E21 /* Products */ = {
			isa = PBXGroup;
			children = (
				17CCA5411E75FDDB004C5E21 /* HelloWorld.app */,
			);
			name = Products;
			sourceTree = "<group>";
		};
		17CCA5431E75FDDB004C5E21 /* HelloWorld */ = {
			isa = PBXGroup;
			children = (
				17CCA5441E75FDDB004C5E21 /* AppDelegate.swift */,
				17CCA5461E75FDDB004C5E21 /* ViewController.swift */,
				17CCA5481E75FDDB004C5E21 /* Main.storyboard */,
				17CCA54B1E75FDDB004C5E21 /* Assets.xcassets */,
				17CCA54D1E75FDDB004C5E21 /* LaunchScreen.storyboard */,
				17CCA5501E75FDDB004C5E21 /* Info.plist */,
			);
			path = HelloWorld;
			sourceTree = "<group>";
		};
/* End PBXGroup section */

/* Begin PBXNativeTarget section */
		17CCA5401E75FDDA004C5E21 /* HelloWorld */ = {
			isa = PBXNativeTarget;
			buildConfigurationList = 17CCA5531E75FDDB004C5E21 /* Build configuration list for PBXNativeTarget "HelloWorld" */;
			buildPhases = (
				17CCA53D1E75FDDA004C5E21 /* Sources */,
				17CCA53E1E75FDDA004C5E21 /* Frameworks */,
				17CCA53F1E75FDDA004C5E21 /* Resources */,
			);
			buildRules = (
			);
			dependencies = (
			);
			name = HelloWorld;
			productName = HelloWorld;
			productReference = 17CCA5411E75FDDB004C5E21 /* HelloWorld.app */;
			productType = "com.apple.product-type.application";
		};
/* End PBXNativeTarget section */

/* Begin PBXProject section */
		17CCA5391E75FDDA004C5E21 /* Project object */ = {
			isa = PBXProject;
			attributes = {
				LastSwiftUpdateCheck = 0820;
				LastUpgradeCheck = 0820;
				ORGANIZATIONNAME = "Bo Dong";
				TargetAttributes = {
					17CCA5401E75FDDA004C5E21 = {
						CreatedOnToolsVersion = 8.2.1;
						DevelopmentTeam = MZMQAXE3QX;
						ProvisioningStyle = Automatic;
					};
				};
			};
			buildConfigurationList = 17CCA53C1E75FDDA004C5E21 /* Build configuration list for PBXProject "HelloWorld" */;
			compatibilityVersion = "Xcode 3.2";
			developmentRegion = English;
			hasScannedForEncodings = 0;
			knownRegions = (
				en,
				Base,
			);
			mainGroup = 17CCA5381E75FDDA004C5E21;
			productRefGroup = 17CCA5421E75FDDB004C5E21 /* Products */;
			projectDirPath = "";
			projectRoot = "";
			targets = (
				17CCA5401E75FDDA004C5E21 /* HelloWorld */,
			);
		};
/* End PBXProject section */

/* Begin PBXResourcesBuildPhase section */
		17CCA53F1E75FDDA004C5E21 /* Resources */ = {
			isa = PBXResourcesBuildPhase;
			buildActionMask = 2147483647;
			files = (
				17CCA54F1E75FDDB004C5E21 /* LaunchScreen.storyboard in Resources */,
				17CCA54C1E75FDDB004C5E21 /* Assets.xcassets in Resources */,
				17CCA54A1E75FDDB004C5E21 /* Main.storyboard in Resources */,
			);
			runOnlyForDeploymentPostprocessing = 0;
		};
/* End PBXResourcesBuildPhase section */

/* Begin PBXSourcesBuildPhase section */
		17CCA53D1E75FDDA004C5E21 /* Sources */ = {
			isa = PBXSourcesBuildPhase;
			buildActionMask = 2147483647;
			files = (
				17CCA5471E75FDDB004C5E21 /* ViewController.swift in Sources */,
				17CCA5451E75FDDB004C5E21 /* AppDelegate.swift in Sources */,
			);
			runOnlyForDeploymentPostprocessing = 0;
		};
/* End PBXSourcesBuildPhase section */

/* Begin PBXVariantGroup section */
		17CCA5481E75FDDB004C5E21 /* Main.storyboard */ = {
			isa = PBXVariantGroup;
			children = (
				17CCA5491E75FDDB004C5E21 /* Base */,
			);
			name = Main.storyboard;
			sourceTree = "<group>";
		};
		17CCA54D1E75FDDB004C5E21 /* LaunchScreen.storyboard */ = {
			isa = PBXVariantGroup;
			children = (
				17CCA54E1E75FDDB004C5E21 /* Base */,
			);
			name = LaunchScreen.storyboard;
			sourceTree = "<group>";
		};
/* End PBXVariantGroup section */

/* Begin XCBuildConfiguration section */
		17CCA5511E75FDDB004C5E21 /* Debug */ = {
			isa = XCBuildConfiguration;
			buildSettings = {
				ALWAYS_SEARCH_USER_PATHS = NO;
				CLANG_ANALYZER_NONNULL = YES;
				CLANG_CXX_LANGUAGE_STANDARD = "gnu++0x";
				CLANG_CXX_LIBRARY = "libc++";
				CLANG_ENABLE_MODULES = YES;
				CLANG_ENABLE_OBJC_ARC = YES;
				CLANG_WARN_BOOL_CONVERSION = YES;
				CLANG_WARN_CONSTANT_CONVERSION = YES;
				CLANG_WARN_DIRECT_OBJC_ISA_USAGE = YES_ERROR;
				CLANG_WARN_DOCUMENTATION_COMMENTS = YES;
				CLANG_WARN_EMPTY_BODY = YES;
				CLANG_WARN_ENUM_CONVERSION = YES;
				CLANG_WARN_INFINITE_RECURSION = YES;
				CLANG_WARN_INT_CONVERSION = YES;
				CLANG_WARN_OBJC_ROOT_CLASS = YES_ERROR;
				CLANG_WARN_SUSPICIOUS_MOVE = YES;
				CLANG_WARN_UNREACHABLE_CODE = YES;
				CLANG_WARN__DUPLICATE_METHOD_MATCH = YES;
				"CODE_SIGN_IDENTITY[sdk=iphoneos*]" = "iPhone Developer";
				COPY_PHASE_STRIP = NO;
				DEBUG_INFORMATION_FORMAT = dwarf;
				ENABLE_STRICT_OBJC_MSGSEND = YES;
				ENABLE_TESTABILITY = YES;
				GCC_C_LANGUAGE_STANDARD = gnu99;
				GCC_DYNAMIC_NO_PIC = NO;
				GCC_NO_COMMON_BLOCKS = YES;
				GCC_OPTIMIZATION_LEVEL = 0;
				GCC_PREPROCESSOR_DEFINITIONS = (
					"DEBUG=1",
					"$(inherited)",
				);
				GCC_WARN_64_TO_32_BIT_CONVERSION = YES;
				GCC_WARN_ABOUT_RETURN_TYPE = YES_ERROR;
				GCC_WARN_UNDECLARED_SELECTOR = YES;
				GCC_WARN_UNINITIALIZED_AUTOS = YES_AGGRESSIVE;
				GCC_WARN_UNUSED_FUNCTION = YES;
				GCC_WARN_UNUSED_VARIABLE = YES;
				IPHONEOS_DEPLOYMENT_TARGET = 10.2;
				MTL_ENABLE_DEBUG_INFO = YES;
				ONLY_ACTIVE_ARCH = YES;
				SDKROOT = iphoneos;
				SWIFT_ACTIVE_COMPILATION_CONDITIONS = DEBUG;
				SWIFT_OPTIMIZATION_LEVEL = "-Onone";
				TARGETED_DEVICE_FAMILY = "1,2";
			};
			name = Debug;
		};
		17CCA5521E75FDDB004C5E21 /* Release */ = {
			isa = XCBuildConfiguration;
			buildSettings = {
				ALWAYS_SEARCH_USER_PATHS = NO;
				CLANG_ANALYZER_NONNULL = YES;
				CLANG_CXX_LANGUAGE_STANDARD = "gnu++0x";
				CLANG_CXX_LIBRARY = "libc++";
				CLANG_ENABLE_MODULES = YES;
				CLANG_ENABLE_OBJC_ARC = YES;
				CLANG_WARN_BOOL_CONVERSION = YES;
				CLANG_WARN_CONSTANT_CONVERSION = YES;
				CLANG_WARN_DIRECT_OBJC_ISA_USAGE = YES_ERROR;
				CLANG_WARN_DOCUMENTATION_COMMENTS = YES;
				CLANG_WARN_EMPTY_BODY = YES;
				CLANG_WARN_ENUM_CONVERSION = YES;
				CLANG_WARN_INFINITE_RECURSION = YES;
				CLANG_WARN_INT_CONVERSION = YES;
				CLANG_WARN_OBJC_ROOT_CLASS = YES_ERROR;
				CLANG_WARN_SUSPICIOUS_MOVE = YES;
				CLANG_WARN_UNREACHABLE_CODE = YES;
				CLANG_WARN__DUPLICATE_METHOD_MATCH = YES;
				"CODE_SIGN_IDENTITY[sdk=iphoneos*]" = "iPhone Developer";
				COPY_PHASE_STRIP = NO;
				DEBUG_INFORMATION_FORMAT = "dwarf-with-dsym";
				ENABLE_NS_ASSERTIONS = NO;
				ENABLE_STRICT_OBJC_MSGSEND = YES;
				GCC_C_LANGUAGE_STANDARD = gnu99;
				GCC_NO_COMMON_BLOCKS = YES;
				GCC_WARN_64_TO_32_BIT_CONVERSION = YES;
				GCC_WARN_ABOUT_RETURN_TYPE = YES_ERROR;
				GCC_WARN_UNDECLARED_SELECTOR = YES;
				GCC_WARN_UNINITIALIZED_AUTOS = YES_AGGRESSIVE;
				GCC_WARN_UNUSED_FUNCTION = YES;
				GCC_WARN_UNUSED_VARIABLE = YES;
				IPHONEOS_DEPLOYMENT_TARGET = 10.2;
				MTL_ENABLE_DEBUG_INFO = NO;
				SDKROOT = iphoneos;
				SWIFT_OPTIMIZATION_LEVEL = "-Owholemodule";
				TARGETED_DEVICE_FAMILY = "1,2";
				VALIDATE_PRODUCT = YES;
			};
			name = Release;
		};
		17CCA5541E75FDDB004C5E21 /* Debug */ = {
			isa = XCBuildConfiguration;
			buildSettings = {
				ASSETCATALOG_COMPILER_APPICON_NAME = AppIcon;
				DEVELOPMENT_TEAM = MZMQAXE3QX;
				INFOPLIST_FILE = HelloWorld/Info.plist;
				LD_RUNPATH_SEARCH_PATHS = "$(inherited) @executable_path/Frameworks";
				PRODUCT_BUNDLE_IDENTIFIER = bob.HelloWorld;
				PRODUCT_NAME = "$(TARGET_NAME)";
				SWIFT_VERSION = 3.0;
			};
			name = Debug;
		};
		17CCA5551E75FDDB004C5E21 /* Release */ = {
			isa = XCBuildConfiguration;
			buildSettings = {
				ASSETCATALOG_COMPILER_APPICON_NAME = AppIcon;
				DEVELOPMENT_TEAM = MZMQAXE3QX;
				INFOPLIST_FILE = HelloWorld/Info.plist;
				LD_RUNPATH_SEARCH_PATHS = "$(inherited) @executable_path/Frameworks";
				PRODUCT_BUNDLE_IDENTIFIER = bob.HelloWorld;
				PRODUCT_NAME = "$(TARGET_NAME)";
				SWIFT_VERSION = 3.0;
			};
			name = Release;
		};
/* End XCBuildConfiguration section */

/* Begin XCConfigurationList section */
		17CCA53C1E75FDDA004C5E21 /* Build configuration list for PBXProject "HelloWorld" */ = {
			isa = XCConfigurationList;
			buildConfigurations = (
				17CCA5511E75FDDB004C5E21 /* Debug */,
				17CCA5521E75FDDB004C5E21 /* Release */,
			);
			defaultConfigurationIsVisible = 0;
			defaultConfigurationName = Release;
		};
		17CCA5531E75FDDB004C5E21 /* Build configuration list for PBXNativeTarget "HelloWorld" */ = {
			isa = XCConfigurationList;
			buildConfigurations = (
				17CCA5541E75FDDB004C5E21 /* Debug */,
				17CCA5551E75FDDB004C5E21 /* Release */,
			);
			defaultConfigurationIsVisible = 0;
		};
/* End XCConfigurationList section */
	};
	rootObject = 17CCA5391E75FDDA004C5E21 /* Project object */;
}
